// !$*UTF8*$!
{
	archiveVersion = 1;
	classes = {
	};
	objectVersion = 46;
	objects = {

/* Begin PBXBuildFile section */
		EA3A26B61A70A639007B0626 /* AppDelegate.swift in Sources */ = {isa = PBXBuildFile; fileRef = EA3A26B51A70A639007B0626 /* AppDelegate.swift */; };
		EA3A26B81A70A639007B0626 /* RecordSoundsViewController.swift in Sources */ = {isa = PBXBuildFile; fileRef = EA3A26B71A70A639007B0626 /* RecordSoundsViewController.swift */; };
		EA3A26BB1A70A639007B0626 /* Main.storyboard in Resources */ = {isa = PBXBuildFile; fileRef = EA3A26B91A70A639007B0626 /* Main.storyboard */; };
		EA3A26BD1A70A639007B0626 /* Images.xcassets in Resources */ = {isa = PBXBuildFile; fileRef = EA3A26BC1A70A639007B0626 /* Images.xcassets */; };
		EA3A26C01A70A639007B0626 /* LaunchScreen.xib in Resources */ = {isa = PBXBuildFile; fileRef = EA3A26BE1A70A639007B0626 /* LaunchScreen.xib */; };
		EA3A26CC1A70A639007B0626 /* Pitch_PerfectTests.swift in Sources */ = {isa = PBXBuildFile; fileRef = EA3A26CB1A70A639007B0626 /* Pitch_PerfectTests.swift */; };
		EA3F86C21A70CA65001689B9 /* PlaySoundsViewController.swift in Sources */ = {isa = PBXBuildFile; fileRef = EA3F86C11A70CA65001689B9 /* PlaySoundsViewController.swift */; };
		EA7797A31A718D53001EE999 /* movie_quote.mp3 in Resources */ = {isa = PBXBuildFile; fileRef = EA7797A21A718D53001EE999 /* movie_quote.mp3 */; };
/* End PBXBuildFile section */

/* Begin PBXContainerItemProxy section */
		EA3A26C61A70A639007B0626 /* PBXContainerItemProxy */ = {
			isa = PBXContainerItemProxy;
			containerPortal = EA3A26A81A70A639007B0626 /* Project object */;
			proxyType = 1;
			remoteGlobalIDString = EA3A26AF1A70A639007B0626;
			remoteInfo = "Pitch Perfect";
		};
/* End PBXContainerItemProxy section */

/* Begin PBXFileReference section */
		EA3A26B01A70A639007B0626 /* Pitch Perfect.app */ = {isa = PBXFileReference; explicitFileType = wrapper.application; includeInIndex = 0; path = "Pitch Perfect.app"; sourceTree = BUILT_PRODUCTS_DIR; };
		EA3A26B41A70A639007B0626 /* Info.plist */ = {isa = PBXFileReference; lastKnownFileType = text.plist.xml; path = Info.plist; sourceTree = "<group>"; };
		EA3A26B51A70A639007B0626 /* AppDelegate.swift */ = {isa = PBXFileReference; lastKnownFileType = sourcecode.swift; path = AppDelegate.swift; sourceTree = "<group>"; };
		EA3A26B71A70A639007B0626 /* RecordSoundsViewController.swift */ = {isa = PBXFileReference; lastKnownFileType = sourcecode.swift; path = RecordSoundsViewController.swift; sourceTree = "<group>"; };
		EA3A26BA1A70A639007B0626 /* Base */ = {isa = PBXFileReference; lastKnownFileType = file.storyboard; name = Base; path = Base.lproj/Main.storyboard; sourceTree = "<group>"; };
		EA3A26BC1A70A639007B0626 /* Images.xcassets */ = {isa = PBXFileReference; lastKnownFileType = folder.assetcatalog; path = Images.xcassets; sourceTree = "<group>"; };
		EA3A26BF1A70A639007B0626 /* Base */ = {isa = PBXFileReference; lastKnownFileType = file.xib; name = Base; path = Base.lproj/LaunchScreen.xib; sourceTree = "<group>"; };
		EA3A26C51A70A639007B0626 /* Pitch PerfectTests.xctest */ = {isa = PBXFileReference; explicitFileType = wrapper.cfbundle; includeInIndex = 0; path = "Pitch PerfectTests.xctest"; sourceTree = BUILT_PRODUCTS_DIR; };
		EA3A26CA1A70A639007B0626 /* Info.plist */ = {isa = PBXFileReference; lastKnownFileType = text.plist.xml; path = Info.plist; sourceTree = "<group>"; };
		EA3A26CB1A70A639007B0626 /* Pitch_PerfectTests.swift */ = {isa = PBXFileReference; lastKnownFileType = sourcecode.swift; path = Pitch_PerfectTests.swift; sourceTree = "<group>"; };
		EA3F86C11A70CA65001689B9 /* PlaySoundsViewController.swift */ = {isa = PBXFileReference; fileEncoding = 4; lastKnownFileType = sourcecode.swift; path = PlaySoundsViewController.swift; sourceTree = "<group>"; };
		EA7797A21A718D53001EE999 /* movie_quote.mp3 */ = {isa = PBXFileReference; lastKnownFileType = audio.mp3; path = movie_quote.mp3; sourceTree = "<group>"; };
/* End PBXFileReference section */

/* Begin PBXFrameworksBuildPhase section */
		EA3A26AD1A70A639007B0626 /* Frameworks */ = {
			isa = PBXFrameworksBuildPhase;
			buildActionMask = 2147483647;
			files = (
			);
			runOnlyForDeploymentPostprocessing = 0;
		};
		EA3A26C21A70A639007B0626 /* Frameworks */ = {
			isa = PBXFrameworksBuildPhase;
			buildActionMask = 2147483647;
			files = (
			);
			runOnlyForDeploymentPostprocessing = 0;
		};
/* End PBXFrameworksBuildPhase section */

/* Begin PBXGroup section */
		EA3A26A71A70A639007B0626 = {
			isa = PBXGroup;
			children = (
				EA3A26B21A70A639007B0626 /* Pitch Perfect */,
				EA3A26C81A70A639007B0626 /* Pitch PerfectTests */,
				EA3A26B11A70A639007B0626 /* Products */,
			);
			sourceTree = "<group>";
		};
		EA3A26B11A70A639007B0626 /* Products */ = {
			isa = PBXGroup;
			children = (
				EA3A26B01A70A639007B0626 /* Pitch Perfect.app */,
				EA3A26C51A70A639007B0626 /* Pitch PerfectTests.xctest */,
			);
			name = Products;
			sourceTree = "<group>";
		};
		EA3A26B21A70A639007B0626 /* Pitch Perfect */ = {
			isa = PBXGroup;
			children = (
				EA3A26B51A70A639007B0626 /* AppDelegate.swift */,
				EA3A26B71A70A639007B0626 /* RecordSoundsViewController.swift */,
				EA3A26B91A70A639007B0626 /* Main.storyboard */,
				EA3F86C11A70CA65001689B9 /* PlaySoundsViewController.swift */,
				EA3A26BC1A70A639007B0626 /* Images.xcassets */,
				EA3A26BE1A70A639007B0626 /* LaunchScreen.xib */,
				EA3A26B31A70A639007B0626 /* Supporting Files */,
			);
			path = "Pitch Perfect";
			sourceTree = "<group>";
		};
		EA3A26B31A70A639007B0626 /* Supporting Files */ = {
			isa = PBXGroup;
			children = (
				EA7797A21A718D53001EE999 /* movie_quote.mp3 */,
				EA3A26B41A70A639007B0626 /* Info.plist */,
			);
			name = "Supporting Files";
			sourceTree = "<group>";
		};
		EA3A26C81A70A639007B0626 /* Pitch PerfectTests */ = {
			isa = PBXGroup;
			children = (
				EA3A26CB1A70A639007B0626 /* Pitch_PerfectTests.swift */,
				EA3A26C91A70A639007B0626 /* Supporting Files */,
			);
			path = "Pitch PerfectTests";
			sourceTree = "<group>";
		};
		EA3A26C91A70A639007B0626 /* Supporting Files */ = {
			isa = PBXGroup;
			children = (
				EA3A26CA1A70A639007B0626 /* Info.plist */,
			);
			name = "Supporting Files";
			sourceTree = "<group>";
		};
/* End PBXGroup section */

/* Begin PBXNativeTarget section */
		EA3A26AF1A70A639007B0626 /* Pitch Perfect */ = {
			isa = PBXNativeTarget;
			buildConfigurationList = EA3A26CF1A70A639007B0626 /* Build configuration list for PBXNativeTarget "Pitch Perfect" */;
			buildPhases = (
				EA3A26AC1A70A639007B0626 /* Sources */,
				EA3A26AD1A70A639007B0626 /* Frameworks */,
				EA3A26AE1A70A639007B0626 /* Resources */,
			);
			buildRules = (
			);
			dependencies = (
			);
			name = "Pitch Perfect";
			productName = "Pitch Perfect";
			productReference = EA3A26B01A70A639007B0626 /* Pitch Perfect.app */;
			productType = "com.apple.product-type.application";
		};
		EA3A26C41A70A639007B0626 /* Pitch PerfectTests */ = {
			isa = PBXNativeTarget;
			buildConfigurationList = EA3A26D21A70A639007B0626 /* Build configuration list for PBXNativeTarget "Pitch PerfectTests" */;
			buildPhases = (
				EA3A26C11A70A639007B0626 /* Sources */,
				EA3A26C21A70A639007B0626 /* Frameworks */,
				EA3A26C31A70A639007B0626 /* Resources */,
			);
			buildRules = (
			);
			dependencies = (
				EA3A26C71A70A639007B0626 /* PBXTargetDependency */,
			);
			name = "Pitch PerfectTests";
			productName = "Pitch PerfectTests";
			productReference = EA3A26C51A70A639007B0626 /* Pitch PerfectTests.xctest */;
			productType = "com.apple.product-type.bundle.unit-test";
		};
/* End PBXNativeTarget section */

/* Begin PBXProject section */
		EA3A26A81A70A639007B0626 /* Project object */ = {
			isa = PBXProject;
			attributes = {
				LastUpgradeCheck = 0610;
				ORGANIZATIONNAME = "Zhe Chen";
				TargetAttributes = {
					EA3A26AF1A70A639007B0626 = {
						CreatedOnToolsVersion = 6.1.1;
					};
					EA3A26C41A70A639007B0626 = {
						CreatedOnToolsVersion = 6.1.1;
						TestTargetID = EA3A26AF1A70A639007B0626;
					};
				};
			};
			buildConfigurationList = EA3A26AB1A70A639007B0626 /* Build configuration list for PBXProject "Pitch Perfect" */;
			compatibilityVersion = "Xcode 3.2";
			developmentRegion = English;
			hasScannedForEncodings = 0;
			knownRegions = (
				en,
				Base,
			);
			mainGroup = EA3A26A71A70A639007B0626;
			productRefGroup = EA3A26B11A70A639007B0626 /* Products */;
			projectDirPath = "";
			projectRoot = "";
			targets = (
				EA3A26AF1A70A639007B0626 /* Pitch Perfect */,
				EA3A26C41A70A639007B0626 /* Pitch PerfectTests */,
			);
		};
/* End PBXProject section */

/* Begin PBXResourcesBuildPhase section */
		EA3A26AE1A70A639007B0626 /* Resources */ = {
			isa = PBXResourcesBuildPhase;
			buildActionMask = 2147483647;
			files = (
				EA3A26BB1A70A639007B0626 /* Main.storyboard in Resources */,
				EA3A26C01A70A639007B0626 /* LaunchScreen.xib in Resources */,
				EA7797A31A718D53001EE999 /* movie_quote.mp3 in Resources */,
				EA3A26BD1A70A639007B0626 /* Images.xcassets in Resources */,
			);
			runOnlyForDeploymentPostprocessing = 0;
		};
		EA3A26C31A70A639007B0626 /* Resources */ = {
			isa = PBXResourcesBuildPhase;
			buildActionMask = 2147483647;
			files = (
			);
			runOnlyForDeploymentPostprocessing = 0;
		};
/* End PBXResourcesBuildPhase section */

/* Begin PBXSourcesBuildPhase section */
		EA3A26AC1A70A639007B0626 /* Sources */ = {
			isa = PBXSourcesBuildPhase;
			buildActionMask = 2147483647;
			files = (
				EA3A26B81A70A639007B0626 /* RecordSoundsViewController.swift in Sources */,
				EA3F86C21A70CA65001689B9 /* PlaySoundsViewController.swift in Sources */,
				EA3A26B61A70A639007B0626 /* AppDelegate.swift in Sources */,
			);
			runOnlyForDeploymentPostprocessing = 0;
		};
		EA3A26C11A70A639007B0626 /* Sources */ = {
			isa = PBXSourcesBuildPhase;
			buildActionMask = 2147483647;
			files = (
				EA3A26CC1A70A639007B0626 /* Pitch_PerfectTests.swift in Sources */,
			);
			runOnlyForDeploymentPostprocessing = 0;
		};
/* End PBXSourcesBuildPhase section */

/* Begin PBXTargetDependency section */
		EA3A26C71A70A639007B0626 /* PBXTargetDependency */ = {
			isa = PBXTargetDependency;
			target = EA3A26AF1A70A639007B0626 /* Pitch Perfect */;
			targetProxy = EA3A26C61A70A639007B0626 /* PBXContainerItemProxy */;
		};
/* End PBXTargetDependency section */

/* Begin PBXVariantGroup section */
		EA3A26B91A70A639007B0626 /* Main.storyboard */ = {
			isa = PBXVariantGroup;
			children = (
				EA3A26BA1A70A639007B0626 /* Base */,
			);
			name = Main.storyboard;
			sourceTree = "<group>";
		};
		EA3A26BE1A70A639007B0626 /* LaunchScreen.xib */ = {
			isa = PBXVariantGroup;
			children = (
				EA3A26BF1A70A639007B0626 /* Base */,
			);
			name = LaunchScreen.xib;
			sourceTree = "<group>";
		};
/* End PBXVariantGroup section */

/* Begin XCBuildConfiguration section */
		EA3A26CD1A70A639007B0626 /* Debug */ = {
			isa = XCBuildConfiguration;
			buildSettings = {
				ALWAYS_SEARCH_USER_PATHS = NO;
				CLANG_CXX_LANGUAGE_STANDARD = "gnu++0x";
				CLANG_CXX_LIBRARY = "libc++";
				CLANG_ENABLE_MODULES = YES;
				CLANG_ENABLE_OBJC_ARC = YES;
				CLANG_WARN_BOOL_CONVERSION = YES;
				CLANG_WARN_CONSTANT_CONVERSION = YES;
				CLANG_WARN_DIRECT_OBJC_ISA_USAGE = YES_ERROR;
				CLANG_WARN_EMPTY_BODY = YES;
				CLANG_WARN_ENUM_CONVERSION = YES;
				CLANG_WARN_INT_CONVERSION = YES;
				CLANG_WARN_OBJC_ROOT_CLASS = YES_ERROR;
				CLANG_WARN_UNREACHABLE_CODE = YES;
				CLANG_WARN__DUPLICATE_METHOD_MATCH = YES;
				"CODE_SIGN_IDENTITY[sdk=iphoneos*]" = "iPhone Developer";
				COPY_PHASE_STRIP = NO;
				ENABLE_STRICT_OBJC_MSGSEND = YES;
				GCC_C_LANGUAGE_STANDARD = gnu99;
				GCC_DYNAMIC_NO_PIC = NO;
				GCC_OPTIMIZATION_LEVEL = 0;
				GCC_PREPROCESSOR_DEFINITIONS = (
					"DEBUG=1",
					"$(inherited)",
				);
				GCC_SYMBOLS_PRIVATE_EXTERN = NO;
				GCC_WARN_64_TO_32_BIT_CONVERSION = YES;
				GCC_WARN_ABOUT_RETURN_TYPE = YES_ERROR;
				GCC_WARN_UNDECLARED_SELECTOR = YES;
				GCC_WARN_UNINITIALIZED_AUTOS = YES_AGGRESSIVE;
				GCC_WARN_UNUSED_FUNCTION = YES;
				GCC_WARN_UNUSED_VARIABLE = YES;
				IPHONEOS_DEPLOYMENT_TARGET = 8.1;
				MTL_ENABLE_DEBUG_INFO = YES;
				ONLY_ACTIVE_ARCH = YES;
				SDKROOT = iphoneos;
				SWIFT_OPTIMIZATION_LEVEL = "-Onone";
			};
			name = Debug;
		};
		EA3A26CE1A70A639007B0626 /* Release */ = {
			isa = XCBuildConfiguration;
			buildSettings = {
				ALWAYS_SEARCH_USER_PATHS = NO;
				CLANG_CXX_LANGUAGE_STANDARD = "gnu++0x";
				CLANG_CXX_LIBRARY = "libc++";
				CLANG_ENABLE_MODULES = YES;
				CLANG_ENABLE_OBJC_ARC = YES;
				CLANG_WARN_BOOL_CONVERSION = YES;
				CLANG_WARN_CONSTANT_CONVERSION = YES;
				CLANG_WARN_DIRECT_OBJC_ISA_USAGE = YES_ERROR;
				CLANG_WARN_EMPTY_BODY = YES;
				CLANG_WARN_ENUM_CONVERSION = YES;
				CLANG_WARN_INT_CONVERSION = YES;
				CLANG_WARN_OBJC_ROOT_CLASS = YES_ERROR;
				CLANG_WARN_UNREACHABLE_CODE = YES;
				CLANG_WARN__DUPLICATE_METHOD_MATCH = YES;
				"CODE_SIGN_IDENTITY[sdk=iphoneos*]" = "iPhone Developer";
				COPY_PHASE_STRIP = YES;
				ENABLE_NS_ASSERTIONS = NO;
				ENABLE_STRICT_OBJC_MSGSEND = YES;
				GCC_C_LANGUAGE_STANDARD = gnu99;
				GCC_WARN_64_TO_32_BIT_CONVERSION = YES;
				GCC_WARN_ABOUT_RETURN_TYPE = YES_ERROR;
				GCC_WARN_UNDECLARED_SELECTOR = YES;
				GCC_WARN_UNINITIALIZED_AUTOS = YES_AGGRESSIVE;
				GCC_WARN_UNUSED_FUNCTION = YES;
				GCC_WARN_UNUSED_VARIABLE = YES;
				IPHONEOS_DEPLOYMENT_TARGET = 8.1;
				MTL_ENABLE_DEBUG_INFO = NO;
				SDKROOT = iphoneos;
				VALIDATE_PRODUCT = YES;
			};
			name = Release;
		};
		EA3A26D01A70A639007B0626 /* Debug */ = {
			isa = XCBuildConfiguration;
			buildSettings = {
				ASSETCATALOG_COMPILER_APPICON_NAME = AppIcon;
				INFOPLIST_FILE = "Pitch Perfect/Info.plist";
				LD_RUNPATH_SEARCH_PATHS = "$(inherited) @executable_path/Frameworks";
				PRODUCT_NAME = "$(TARGET_NAME)";
			};
			name = Debug;
		};
		EA3A26D11A70A639007B0626 /* Release */ = {
			isa = XCBuildConfiguration;
			buildSettings = {
				ASSETCATALOG_COMPILER_APPICON_NAME = AppIcon;
				INFOPLIST_FILE = "Pitch Perfect/Info.plist";
				LD_RUNPATH_SEARCH_PATHS = "$(inherited) @executable_path/Frameworks";
				PRODUCT_NAME = "$(TARGET_NAME)";
			};
			name = Release;
		};
		EA3A26D31A70A639007B0626 /* Debug */ = {
			isa = XCBuildConfiguration;
			buildSettings = {
				BUNDLE_LOADER = "$(TEST_HOST)";
				FRAMEWORK_SEARCH_PATHS = (
					"$(SDKROOT)/Developer/Library/Frameworks",
					"$(inherited)",
				);
				GCC_PREPROCESSOR_DEFINITIONS = (
					"DEBUG=1",
					"$(inherited)",
				);
				INFOPLIST_FILE = "Pitch PerfectTests/Info.plist";
				LD_RUNPATH_SEARCH_PATHS = "$(inherited) @executable_path/Frameworks @loader_path/Frameworks";
				PRODUCT_NAME = "$(TARGET_NAME)";
				TEST_HOST = "$(BUILT_PRODUCTS_DIR)/Pitch Perfect.app/Pitch Perfect";
			};
			name = Debug;
		};
		EA3A26D41A70A639007B0626 /* Release */ = {
			isa = XCBuildConfiguration;
			buildSettings = {
				BUNDLE_LOADER = "$(TEST_HOST)";
				FRAMEWORK_SEARCH_PATHS = (
					"$(SDKROOT)/Developer/Library/Frameworks",
					"$(inherited)",
				);
				INFOPLIST_FILE = "Pitch PerfectTests/Info.plist";
				LD_RUNPATH_SEARCH_PATHS = "$(inherited) @executable_path/Frameworks @loader_path/Frameworks";
				PRODUCT_NAME = "$(TARGET_NAME)";
				TEST_HOST = "$(BUILT_PRODUCTS_DIR)/Pitch Perfect.app/Pitch Perfect";
			};
			name = Release;
		};
/* End XCBuildConfiguration section */

/* Begin XCConfigurationList section */
		EA3A26AB1A70A639007B0626 /* Build configuration list for PBXProject "Pitch Perfect" */ = {
			isa = XCConfigurationList;
			buildConfigurations = (
				EA3A26CD1A70A639007B0626 /* Debug */,
				EA3A26CE1A70A639007B0626 /* Release */,
			);
			defaultConfigurationIsVisible = 0;
			defaultConfigurationName = Release;
		};
		EA3A26CF1A70A639007B0626 /* Build configuration list for PBXNativeTarget "Pitch Perfect" */ = {
			isa = XCConfigurationList;
			buildConfigurations = (
				EA3A26D01A70A639007B0626 /* Debug */,
				EA3A26D11A70A639007B0626 /* Release */,
			);
			defaultConfigurationIsVisible = 0;
			defaultConfigurationName = Release;
		};
		EA3A26D21A70A639007B0626 /* Build configuration list for PBXNativeTarget "Pitch PerfectTests" */ = {
			isa = XCConfigurationList;
			buildConfigurations = (
				EA3A26D31A70A639007B0626 /* Debug */,
				EA3A26D41A70A639007B0626 /* Release */,
			);
			defaultConfigurationIsVisible = 0;
			defaultConfigurationName = Release;
		};
/* End XCConfigurationList section */
	};
	rootObject = EA3A26A81A70A639007B0626 /* Project object */;
}
